
Microsoft Visual Studio Solution File, Format Version 12.00
# Visual Studio Version 17
VisualStudioVersion = 17.5.33209.295
MinimumVisualStudioVersion = 10.0.40219.1
Project("{9A19103F-16F7-4668-BE54-9A1E7A4F7556}") = "Device.Api", "Device.Api\Device.Api.csproj", "{287809DD-D4BD-4AC9-8D5D-B40EFAC4009D}"
EndProject
Project("{FAE04EC0-301F-11D3-BF4B-00C04F79EFBC}") = "Device.Core", "..\Device.Core\Device.Core.csproj", "{505CACDA-9073-44E6-BC88-6E3306A26113}"
EndProject
Project("{FAE04EC0-301F-11D3-BF4B-00C04F79EFBC}") = "Device.Infrastructure", "..\Device.Infrastructure\Device.Infrastructure.csproj", "{B6E2AE89-207B-4D19-B94E-1B25347F237F}"
EndProject
Global
	GlobalSection(SolutionConfigurationPlatforms) = preSolution
		Debug|Any CPU = Debug|Any CPU
		Release|Any CPU = Release|Any CPU
	EndGlobalSection
	GlobalSection(ProjectConfigurationPlatforms) = postSolution
		{287809DD-D4BD-4AC9-8D5D-B40EFAC4009D}.Debug|Any CPU.ActiveCfg = Debug|Any CPU
		{287809DD-D4BD-4AC9-8D5D-B40EFAC4009D}.Debug|Any CPU.Build.0 = Debug|Any CPU
		{287809DD-D4BD-4AC9-8D5D-B40EFAC4009D}.Release|Any CPU.ActiveCfg = Release|Any CPU
		{287809DD-D4BD-4AC9-8D5D-B40EFAC4009D}.Release|Any CPU.Build.0 = Release|Any CPU
		{505CACDA-9073-44E6-BC88-6E3306A26113}.Debug|Any CPU.ActiveCfg = Debug|Any CPU
		{505CACDA-9073-44E6-BC88-6E3306A26113}.Debug|Any CPU.Build.0 = Debug|Any CPU
		{505CACDA-9073-44E6-BC88-6E3306A26113}.Release|Any CPU.ActiveCfg = Release|Any CPU
		{505CACDA-9073-44E6-BC88-6E3306A26113}.Release|Any CPU.Build.0 = Release|Any CPU
		{B6E2AE89-207B-4D19-B94E-1B25347F237F}.Debug|Any CPU.ActiveCfg = Debug|Any CPU
		{B6E2AE89-207B-4D19-B94E-1B25347F237F}.Debug|Any CPU.Build.0 = Debug|Any CPU
		{B6E2AE89-207B-4D19-B94E-1B25347F237F}.Release|Any CPU.ActiveCfg = Release|Any CPU
		{B6E2AE89-207B-4D19-B94E-1B25347F237F}.Release|Any CPU.Build.0 = Release|Any CPU
	EndGlobalSection
	GlobalSection(SolutionProperties) = preSolution
		HideSolutionNode = FALSE
	EndGlobalSection
	GlobalSection(ExtensibilityGlobals) = postSolution
		SolutionGuid = {B8DEFBAF-3ED7-4F09-90BD-7F7A1FD6C254}
	EndGlobalSection
EndGlobal
